
Microsoft Visual Studio Solution File, Format Version 12.00
# Visual Studio 2012
Project("{FAE04EC0-301F-11D3-BF4B-00C04F79EFBC}") = "VizInt.View", "VizInt.View.csproj", "{19CC3DDD-0ED9-4C27-9F47-9E596F37AE27}"
EndProject
Project("{F2A71F9B-5D33-465A-A702-920D77279786}") = "VizInt.Model", "..\FinLab.FSIViz.Model\VizInt.Model.fsproj", "{5C3E868C-3B69-4327-808F-D94B972FCA3F}"
EndProject
Global
	GlobalSection(SolutionConfigurationPlatforms) = preSolution
		Debug|Any CPU = Debug|Any CPU
		Debug|x64 = Debug|x64
		Release|Any CPU = Release|Any CPU
		Release|x64 = Release|x64
	EndGlobalSection
	GlobalSection(ProjectConfigurationPlatforms) = postSolution
		{19CC3DDD-0ED9-4C27-9F47-9E596F37AE27}.Debug|Any CPU.ActiveCfg = Debug|Any CPU
		{19CC3DDD-0ED9-4C27-9F47-9E596F37AE27}.Debug|Any CPU.Build.0 = Debug|Any CPU
		{19CC3DDD-0ED9-4C27-9F47-9E596F37AE27}.Debug|x64.ActiveCfg = Debug|x64
		{19CC3DDD-0ED9-4C27-9F47-9E596F37AE27}.Debug|x64.Build.0 = Debug|x64
		{19CC3DDD-0ED9-4C27-9F47-9E596F37AE27}.Release|Any CPU.ActiveCfg = Release|Any CPU
		{19CC3DDD-0ED9-4C27-9F47-9E596F37AE27}.Release|Any CPU.Build.0 = Release|Any CPU
		{19CC3DDD-0ED9-4C27-9F47-9E596F37AE27}.Release|x64.ActiveCfg = Release|x64
		{19CC3DDD-0ED9-4C27-9F47-9E596F37AE27}.Release|x64.Build.0 = Release|x64
		{5C3E868C-3B69-4327-808F-D94B972FCA3F}.Debug|Any CPU.ActiveCfg = Debug|Any CPU
		{5C3E868C-3B69-4327-808F-D94B972FCA3F}.Debug|Any CPU.Build.0 = Debug|Any CPU
		{5C3E868C-3B69-4327-808F-D94B972FCA3F}.Debug|x64.ActiveCfg = Debug|x64
		{5C3E868C-3B69-4327-808F-D94B972FCA3F}.Debug|x64.Build.0 = Debug|x64
		{5C3E868C-3B69-4327-808F-D94B972FCA3F}.Release|Any CPU.ActiveCfg = Release|Any CPU
		{5C3E868C-3B69-4327-808F-D94B972FCA3F}.Release|Any CPU.Build.0 = Release|Any CPU
		{5C3E868C-3B69-4327-808F-D94B972FCA3F}.Release|x64.ActiveCfg = Release|x64
		{5C3E868C-3B69-4327-808F-D94B972FCA3F}.Release|x64.Build.0 = Release|x64
	EndGlobalSection
	GlobalSection(SolutionProperties) = preSolution
		HideSolutionNode = FALSE
	EndGlobalSection
EndGlobal
